
Microsoft Visual Studio Solution File, Format Version 12.00
# Visual Studio Version 17
VisualStudioVersion = 17.7.34009.444
MinimumVisualStudioVersion = 10.0.40219.1
Project("{9A19103F-16F7-4668-BE54-9A1E7A4F7556}") = "Lb2Gen", "Lb2Gen\Lb2Gen.csproj", "{EEBF10E0-5A23-4E06-BABD-B3944ACF3D24}"
EndProject
Project("{FAE04EC0-301F-11D3-BF4B-00C04F79EFBC}") = "GenTest1", "GenTest1\GenTest1.csproj", "{7F668548-8601-424D-95FC-66A155B0B6DA}"
EndProject
Global
	GlobalSection(SolutionConfigurationPlatforms) = preSolution
		Debug|Any CPU = Debug|Any CPU
		Release|Any CPU = Release|Any CPU
	EndGlobalSection
	GlobalSection(ProjectConfigurationPlatforms) = postSolution
		{EEBF10E0-5A23-4E06-BABD-B3944ACF3D24}.Debug|Any CPU.ActiveCfg = Debug|Any CPU
		{EEBF10E0-5A23-4E06-BABD-B3944ACF3D24}.Debug|Any CPU.Build.0 = Debug|Any CPU
		{EEBF10E0-5A23-4E06-BABD-B3944ACF3D24}.Release|Any CPU.ActiveCfg = Release|Any CPU
		{EEBF10E0-5A23-4E06-BABD-B3944ACF3D24}.Release|Any CPU.Build.0 = Release|Any CPU
		{7F668548-8601-424D-95FC-66A155B0B6DA}.Debug|Any CPU.ActiveCfg = Debug|Any CPU
		{7F668548-8601-424D-95FC-66A155B0B6DA}.Debug|Any CPU.Build.0 = Debug|Any CPU
		{7F668548-8601-424D-95FC-66A155B0B6DA}.Release|Any CPU.ActiveCfg = Release|Any CPU
		{7F668548-8601-424D-95FC-66A155B0B6DA}.Release|Any CPU.Build.0 = Release|Any CPU
	EndGlobalSection
	GlobalSection(SolutionProperties) = preSolution
		HideSolutionNode = FALSE
	EndGlobalSection
	GlobalSection(ExtensibilityGlobals) = postSolution
		SolutionGuid = {84BD2B57-F464-431A-AAFE-501FEA1A2A91}
	EndGlobalSection
EndGlobal
